// !$*UTF8*$!
{
	archiveVersion = 1;
	classes = {
	};
	objectVersion = 48;
	objects = {

/* Begin PBXBuildFile section */
		044093D0205C625B00F4852F /* AppDelegate.swift in Sources */ = {isa = PBXBuildFile; fileRef = 044093CF205C625B00F4852F /* AppDelegate.swift */; };
		044093D5205C625B00F4852F /* Main.storyboard in Resources */ = {isa = PBXBuildFile; fileRef = 044093D3205C625B00F4852F /* Main.storyboard */; };
		044093D7205C625B00F4852F /* Assets.xcassets in Resources */ = {isa = PBXBuildFile; fileRef = 044093D6205C625B00F4852F /* Assets.xcassets */; };
		044093DA205C625B00F4852F /* LaunchScreen.storyboard in Resources */ = {isa = PBXBuildFile; fileRef = 044093D8205C625B00F4852F /* LaunchScreen.storyboard */; };
		044093E5205C625B00F4852F /* RepoViewerTests.swift in Sources */ = {isa = PBXBuildFile; fileRef = 044093E4205C625B00F4852F /* RepoViewerTests.swift */; };
		044093F8205C67D800F4852F /* RepoViewVC.swift in Sources */ = {isa = PBXBuildFile; fileRef = 044093F7205C67D800F4852F /* RepoViewVC.swift */; };
		044093FA205C687000F4852F /* RepoCell.swift in Sources */ = {isa = PBXBuildFile; fileRef = 044093F9205C687000F4852F /* RepoCell.swift */; };
		044093FC205C689B00F4852F /* Constants.swift in Sources */ = {isa = PBXBuildFile; fileRef = 044093FB205C689B00F4852F /* Constants.swift */; };
		044093FE205C68E400F4852F /* Repo.swift in Sources */ = {isa = PBXBuildFile; fileRef = 044093FD205C68E400F4852F /* Repo.swift */; };
		04409400205C698000F4852F /* SectionHeader.xib in Resources */ = {isa = PBXBuildFile; fileRef = 044093FF205C698000F4852F /* SectionHeader.xib */; };
		04409402205C6A1B00F4852F /* RepoManager.swift in Sources */ = {isa = PBXBuildFile; fileRef = 04409401205C6A1B00F4852F /* RepoManager.swift */; };
		04409404205C6A6E00F4852F /* Date+Extensions.swift in Sources */ = {isa = PBXBuildFile; fileRef = 04409403205C6A6E00F4852F /* Date+Extensions.swift */; };
		04CA4CFA205C94CA0016E0AD /* SectionHeader.swift in Sources */ = {isa = PBXBuildFile; fileRef = 04CA4CF9205C94CA0016E0AD /* SectionHeader.swift */; };
		04CA4CFC205C98830016E0AD /* RepoOwner.swift in Sources */ = {isa = PBXBuildFile; fileRef = 04CA4CFB205C98830016E0AD /* RepoOwner.swift */; };
/* End PBXBuildFile section */

/* Begin PBXContainerItemProxy section */
		044093E1205C625B00F4852F /* PBXContainerItemProxy */ = {
			isa = PBXContainerItemProxy;
			containerPortal = 044093C4205C625B00F4852F /* Project object */;
			proxyType = 1;
			remoteGlobalIDString = 044093CB205C625B00F4852F;
			remoteInfo = RepoViewer;
		};
/* End PBXContainerItemProxy section */

/* Begin PBXFileReference section */
		044093CC205C625B00F4852F /* RepoViewer.app */ = {isa = PBXFileReference; explicitFileType = wrapper.application; includeInIndex = 0; path = RepoViewer.app; sourceTree = BUILT_PRODUCTS_DIR; };
		044093CF205C625B00F4852F /* AppDelegate.swift */ = {isa = PBXFileReference; lastKnownFileType = sourcecode.swift; path = AppDelegate.swift; sourceTree = "<group>"; };
		044093D4205C625B00F4852F /* Base */ = {isa = PBXFileReference; lastKnownFileType = file.storyboard; name = Base; path = Base.lproj/Main.storyboard; sourceTree = "<group>"; };
		044093D6205C625B00F4852F /* Assets.xcassets */ = {isa = PBXFileReference; lastKnownFileType = folder.assetcatalog; path = Assets.xcassets; sourceTree = "<group>"; };
		044093D9205C625B00F4852F /* Base */ = {isa = PBXFileReference; lastKnownFileType = file.storyboard; name = Base; path = Base.lproj/LaunchScreen.storyboard; sourceTree = "<group>"; };
		044093DB205C625B00F4852F /* Info.plist */ = {isa = PBXFileReference; lastKnownFileType = text.plist.xml; path = Info.plist; sourceTree = "<group>"; };
		044093E0205C625B00F4852F /* RepoViewerTests.xctest */ = {isa = PBXFileReference; explicitFileType = wrapper.cfbundle; includeInIndex = 0; path = RepoViewerTests.xctest; sourceTree = BUILT_PRODUCTS_DIR; };
		044093E4205C625B00F4852F /* RepoViewerTests.swift */ = {isa = PBXFileReference; lastKnownFileType = sourcecode.swift; path = RepoViewerTests.swift; sourceTree = "<group>"; };
		044093E6205C625B00F4852F /* Info.plist */ = {isa = PBXFileReference; lastKnownFileType = text.plist.xml; path = Info.plist; sourceTree = "<group>"; };
		044093F7205C67D800F4852F /* RepoViewVC.swift */ = {isa = PBXFileReference; lastKnownFileType = sourcecode.swift; path = RepoViewVC.swift; sourceTree = "<group>"; };
		044093F9205C687000F4852F /* RepoCell.swift */ = {isa = PBXFileReference; lastKnownFileType = sourcecode.swift; path = RepoCell.swift; sourceTree = "<group>"; };
		044093FB205C689B00F4852F /* Constants.swift */ = {isa = PBXFileReference; lastKnownFileType = sourcecode.swift; path = Constants.swift; sourceTree = "<group>"; };
		044093FD205C68E400F4852F /* Repo.swift */ = {isa = PBXFileReference; lastKnownFileType = sourcecode.swift; path = Repo.swift; sourceTree = "<group>"; };
		044093FF205C698000F4852F /* SectionHeader.xib */ = {isa = PBXFileReference; lastKnownFileType = file.xib; path = SectionHeader.xib; sourceTree = "<group>"; };
		04409401205C6A1B00F4852F /* RepoManager.swift */ = {isa = PBXFileReference; lastKnownFileType = sourcecode.swift; path = RepoManager.swift; sourceTree = "<group>"; };
		04409403205C6A6E00F4852F /* Date+Extensions.swift */ = {isa = PBXFileReference; lastKnownFileType = sourcecode.swift; path = "Date+Extensions.swift"; sourceTree = "<group>"; };
		04CA4CF9205C94CA0016E0AD /* SectionHeader.swift */ = {isa = PBXFileReference; lastKnownFileType = sourcecode.swift; path = SectionHeader.swift; sourceTree = "<group>"; };
		04CA4CFB205C98830016E0AD /* RepoOwner.swift */ = {isa = PBXFileReference; lastKnownFileType = sourcecode.swift; path = RepoOwner.swift; sourceTree = "<group>"; };
/* End PBXFileReference section */

/* Begin PBXFrameworksBuildPhase section */
		044093C9205C625B00F4852F /* Frameworks */ = {
			isa = PBXFrameworksBuildPhase;
			buildActionMask = 2147483647;
			files = (
			);
			runOnlyForDeploymentPostprocessing = 0;
		};
		044093DD205C625B00F4852F /* Frameworks */ = {
			isa = PBXFrameworksBuildPhase;
			buildActionMask = 2147483647;
			files = (
			);
			runOnlyForDeploymentPostprocessing = 0;
		};
/* End PBXFrameworksBuildPhase section */

/* Begin PBXGroup section */
		044093C3205C625B00F4852F = {
			isa = PBXGroup;
			children = (
				044093CE205C625B00F4852F /* RepoViewer */,
				044093E3205C625B00F4852F /* RepoViewerTests */,
				044093CD205C625B00F4852F /* Products */,
			);
			sourceTree = "<group>";
		};
		044093CD205C625B00F4852F /* Products */ = {
			isa = PBXGroup;
			children = (
				044093CC205C625B00F4852F /* RepoViewer.app */,
				044093E0205C625B00F4852F /* RepoViewerTests.xctest */,
			);
			name = Products;
			sourceTree = "<group>";
		};
		044093CE205C625B00F4852F /* RepoViewer */ = {
			isa = PBXGroup;
			children = (
				04CA4CFD205C9AAF0016E0AD /* Helpers */,
				044093F5205C656300F4852F /* Constants */,
				044093F3205C64F700F4852F /* Extensions */,
				044093F2205C64F000F4852F /* API */,
				044093F1205C64E600F4852F /* Controller */,
				044093F0205C64DD00F4852F /* View */,
				044093EF205C64CA00F4852F /* Model */,
				044093CF205C625B00F4852F /* AppDelegate.swift */,
				044093D3205C625B00F4852F /* Main.storyboard */,
				044093D6205C625B00F4852F /* Assets.xcassets */,
				044093D8205C625B00F4852F /* LaunchScreen.storyboard */,
				044093DB205C625B00F4852F /* Info.plist */,
			);
			path = RepoViewer;
			sourceTree = "<group>";
		};
		044093E3205C625B00F4852F /* RepoViewerTests */ = {
			isa = PBXGroup;
			children = (
				044093E4205C625B00F4852F /* RepoViewerTests.swift */,
				044093E6205C625B00F4852F /* Info.plist */,
			);
			path = RepoViewerTests;
			sourceTree = "<group>";
		};
		044093EF205C64CA00F4852F /* Model */ = {
			isa = PBXGroup;
			children = (
				044093FD205C68E400F4852F /* Repo.swift */,
				04CA4CFB205C98830016E0AD /* RepoOwner.swift */,
			);
			path = Model;
			sourceTree = "<group>";
		};
		044093F0205C64DD00F4852F /* View */ = {
			isa = PBXGroup;
			children = (
				044093F4205C651900F4852F /* Xibs */,
				044093F6205C658200F4852F /* Cells */,
				04CA4CF9205C94CA0016E0AD /* SectionHeader.swift */,
			);
			path = View;
			sourceTree = "<group>";
		};
		044093F1205C64E600F4852F /* Controller */ = {
			isa = PBXGroup;
			children = (
				044093F7205C67D800F4852F /* RepoViewVC.swift */,
			);
			path = Controller;
			sourceTree = "<group>";
		};
		044093F2205C64F000F4852F /* API */ = {
			isa = PBXGroup;
			children = (
				04409401205C6A1B00F4852F /* RepoManager.swift */,
			);
			path = API;
			sourceTree = "<group>";
		};
		044093F3205C64F700F4852F /* Extensions */ = {
			isa = PBXGroup;
			children = (
				04409403205C6A6E00F4852F /* Date+Extensions.swift */,
			);
			path = Extensions;
			sourceTree = "<group>";
		};
		044093F4205C651900F4852F /* Xibs */ = {
			isa = PBXGroup;
			children = (
				044093FF205C698000F4852F /* SectionHeader.xib */,
			);
			path = Xibs;
			sourceTree = "<group>";
		};
		044093F5205C656300F4852F /* Constants */ = {
			isa = PBXGroup;
			children = (
				044093FB205C689B00F4852F /* Constants.swift */,
			);
			path = Constants;
			sourceTree = "<group>";
		};
		044093F6205C658200F4852F /* Cells */ = {
			isa = PBXGroup;
			children = (
				044093F9205C687000F4852F /* RepoCell.swift */,
			);
			path = Cells;
			sourceTree = "<group>";
		};
		04CA4CFD205C9AAF0016E0AD /* Helpers */ = {
			isa = PBXGroup;
			children = (
			);
			path = Helpers;
			sourceTree = "<group>";
		};
/* End PBXGroup section */

/* Begin PBXNativeTarget section */
		044093CB205C625B00F4852F /* RepoViewer */ = {
			isa = PBXNativeTarget;
			buildConfigurationList = 044093E9205C625B00F4852F /* Build configuration list for PBXNativeTarget "RepoViewer" */;
			buildPhases = (
				044093C8205C625B00F4852F /* Sources */,
				044093C9205C625B00F4852F /* Frameworks */,
				044093CA205C625B00F4852F /* Resources */,
			);
			buildRules = (
			);
			dependencies = (
			);
			name = RepoViewer;
			productName = RepoViewer;
			productReference = 044093CC205C625B00F4852F /* RepoViewer.app */;
			productType = "com.apple.product-type.application";
		};
		044093DF205C625B00F4852F /* RepoViewerTests */ = {
			isa = PBXNativeTarget;
			buildConfigurationList = 044093EC205C625B00F4852F /* Build configuration list for PBXNativeTarget "RepoViewerTests" */;
			buildPhases = (
				044093DC205C625B00F4852F /* Sources */,
				044093DD205C625B00F4852F /* Frameworks */,
				044093DE205C625B00F4852F /* Resources */,
			);
			buildRules = (
			);
			dependencies = (
				044093E2205C625B00F4852F /* PBXTargetDependency */,
			);
			name = RepoViewerTests;
			productName = RepoViewerTests;
			productReference = 044093E0205C625B00F4852F /* RepoViewerTests.xctest */;
			productType = "com.apple.product-type.bundle.unit-test";
		};
/* End PBXNativeTarget section */

/* Begin PBXProject section */
		044093C4205C625B00F4852F /* Project object */ = {
			isa = PBXProject;
			attributes = {
				LastSwiftUpdateCheck = 0920;
				LastUpgradeCheck = 0920;
				ORGANIZATIONNAME = AlphaApplications;
				TargetAttributes = {
					044093CB205C625B00F4852F = {
						CreatedOnToolsVersion = 9.2;
						ProvisioningStyle = Automatic;
					};
					044093DF205C625B00F4852F = {
						CreatedOnToolsVersion = 9.2;
						ProvisioningStyle = Automatic;
						TestTargetID = 044093CB205C625B00F4852F;
					};
				};
			};
			buildConfigurationList = 044093C7205C625B00F4852F /* Build configuration list for PBXProject "RepoViewer" */;
			compatibilityVersion = "Xcode 8.0";
			developmentRegion = en;
			hasScannedForEncodings = 0;
			knownRegions = (
				en,
				Base,
			);
			mainGroup = 044093C3205C625B00F4852F;
			productRefGroup = 044093CD205C625B00F4852F /* Products */;
			projectDirPath = "";
			projectRoot = "";
			targets = (
				044093CB205C625B00F4852F /* RepoViewer */,
				044093DF205C625B00F4852F /* RepoViewerTests */,
			);
		};
/* End PBXProject section */

/* Begin PBXResourcesBuildPhase section */
		044093CA205C625B00F4852F /* Resources */ = {
			isa = PBXResourcesBuildPhase;
			buildActionMask = 2147483647;
			files = (
				04409400205C698000F4852F /* SectionHeader.xib in Resources */,
				044093DA205C625B00F4852F /* LaunchScreen.storyboard in Resources */,
				044093D7205C625B00F4852F /* Assets.xcassets in Resources */,
				044093D5205C625B00F4852F /* Main.storyboard in Resources */,
			);
			runOnlyForDeploymentPostprocessing = 0;
		};
		044093DE205C625B00F4852F /* Resources */ = {
			isa = PBXResourcesBuildPhase;
			buildActionMask = 2147483647;
			files = (
			);
			runOnlyForDeploymentPostprocessing = 0;
		};
/* End PBXResourcesBuildPhase section */

/* Begin PBXSourcesBuildPhase section */
		044093C8205C625B00F4852F /* Sources */ = {
			isa = PBXSourcesBuildPhase;
			buildActionMask = 2147483647;
			files = (
				04CA4CFC205C98830016E0AD /* RepoOwner.swift in Sources */,
				044093D0205C625B00F4852F /* AppDelegate.swift in Sources */,
				04409402205C6A1B00F4852F /* RepoManager.swift in Sources */,
				04409404205C6A6E00F4852F /* Date+Extensions.swift in Sources */,
				044093F8205C67D800F4852F /* RepoViewVC.swift in Sources */,
				04CA4CFA205C94CA0016E0AD /* SectionHeader.swift in Sources */,
				044093FE205C68E400F4852F /* Repo.swift in Sources */,
				044093FA205C687000F4852F /* RepoCell.swift in Sources */,
				044093FC205C689B00F4852F /* Constants.swift in Sources */,
			);
			runOnlyForDeploymentPostprocessing = 0;
		};
		044093DC205C625B00F4852F /* Sources */ = {
			isa = PBXSourcesBuildPhase;
			buildActionMask = 2147483647;
			files = (
				044093E5205C625B00F4852F /* RepoViewerTests.swift in Sources */,
			);
			runOnlyForDeploymentPostprocessing = 0;
		};
/* End PBXSourcesBuildPhase section */

/* Begin PBXTargetDependency section */
		044093E2205C625B00F4852F /* PBXTargetDependency */ = {
			isa = PBXTargetDependency;
			target = 044093CB205C625B00F4852F /* RepoViewer */;
			targetProxy = 044093E1205C625B00F4852F /* PBXContainerItemProxy */;
		};
/* End PBXTargetDependency section */

/* Begin PBXVariantGroup section */
		044093D3205C625B00F4852F /* Main.storyboard */ = {
			isa = PBXVariantGroup;
			children = (
				044093D4205C625B00F4852F /* Base */,
			);
			name = Main.storyboard;
			sourceTree = "<group>";
		};
		044093D8205C625B00F4852F /* LaunchScreen.storyboard */ = {
			isa = PBXVariantGroup;
			children = (
				044093D9205C625B00F4852F /* Base */,
			);
			name = LaunchScreen.storyboard;
			sourceTree = "<group>";
		};
/* End PBXVariantGroup section */

/* Begin XCBuildConfiguration section */
		044093E7205C625B00F4852F /* Debug */ = {
			isa = XCBuildConfiguration;
			buildSettings = {
				ALWAYS_SEARCH_USER_PATHS = NO;
				CLANG_ANALYZER_NONNULL = YES;
				CLANG_ANALYZER_NUMBER_OBJECT_CONVERSION = YES_AGGRESSIVE;
				CLANG_CXX_LANGUAGE_STANDARD = "gnu++14";
				CLANG_CXX_LIBRARY = "libc++";
				CLANG_ENABLE_MODULES = YES;
				CLANG_ENABLE_OBJC_ARC = YES;
				CLANG_WARN_BLOCK_CAPTURE_AUTORELEASING = YES;
				CLANG_WARN_BOOL_CONVERSION = YES;
				CLANG_WARN_COMMA = YES;
				CLANG_WARN_CONSTANT_CONVERSION = YES;
				CLANG_WARN_DIRECT_OBJC_ISA_USAGE = YES_ERROR;
				CLANG_WARN_DOCUMENTATION_COMMENTS = YES;
				CLANG_WARN_EMPTY_BODY = YES;
				CLANG_WARN_ENUM_CONVERSION = YES;
				CLANG_WARN_INFINITE_RECURSION = YES;
				CLANG_WARN_INT_CONVERSION = YES;
				CLANG_WARN_NON_LITERAL_NULL_CONVERSION = YES;
				CLANG_WARN_OBJC_LITERAL_CONVERSION = YES;
				CLANG_WARN_OBJC_ROOT_CLASS = YES_ERROR;
				CLANG_WARN_RANGE_LOOP_ANALYSIS = YES;
				CLANG_WARN_STRICT_PROTOTYPES = YES;
				CLANG_WARN_SUSPICIOUS_MOVE = YES;
				CLANG_WARN_UNGUARDED_AVAILABILITY = YES_AGGRESSIVE;
				CLANG_WARN_UNREACHABLE_CODE = YES;
				CLANG_WARN__DUPLICATE_METHOD_MATCH = YES;
				CODE_SIGN_IDENTITY = "iPhone Developer";
				COPY_PHASE_STRIP = NO;
				DEBUG_INFORMATION_FORMAT = dwarf;
				ENABLE_STRICT_OBJC_MSGSEND = YES;
				ENABLE_TESTABILITY = YES;
				GCC_C_LANGUAGE_STANDARD = gnu11;
				GCC_DYNAMIC_NO_PIC = NO;
				GCC_NO_COMMON_BLOCKS = YES;
				GCC_OPTIMIZATION_LEVEL = 0;
				GCC_PREPROCESSOR_DEFINITIONS = (
					"DEBUG=1",
					"$(inherited)",
				);
				GCC_WARN_64_TO_32_BIT_CONVERSION = YES;
				GCC_WARN_ABOUT_RETURN_TYPE = YES_ERROR;
				GCC_WARN_UNDECLARED_SELECTOR = YES;
				GCC_WARN_UNINITIALIZED_AUTOS = YES_AGGRESSIVE;
				GCC_WARN_UNUSED_FUNCTION = YES;
				GCC_WARN_UNUSED_VARIABLE = YES;
				IPHONEOS_DEPLOYMENT_TARGET = 11.2;
				MTL_ENABLE_DEBUG_INFO = YES;
				ONLY_ACTIVE_ARCH = YES;
				SDKROOT = iphoneos;
				SWIFT_ACTIVE_COMPILATION_CONDITIONS = DEBUG;
				SWIFT_OPTIMIZATION_LEVEL = "-Onone";
			};
			name = Debug;
		};
		044093E8205C625B00F4852F /* Release */ = {
			isa = XCBuildConfiguration;
			buildSettings = {
				ALWAYS_SEARCH_USER_PATHS = NO;
				CLANG_ANALYZER_NONNULL = YES;
				CLANG_ANALYZER_NUMBER_OBJECT_CONVERSION = YES_AGGRESSIVE;
				CLANG_CXX_LANGUAGE_STANDARD = "gnu++14";
				CLANG_CXX_LIBRARY = "libc++";
				CLANG_ENABLE_MODULES = YES;
				CLANG_ENABLE_OBJC_ARC = YES;
				CLANG_WARN_BLOCK_CAPTURE_AUTORELEASING = YES;
				CLANG_WARN_BOOL_CONVERSION = YES;
				CLANG_WARN_COMMA = YES;
				CLANG_WARN_CONSTANT_CONVERSION = YES;
				CLANG_WARN_DIRECT_OBJC_ISA_USAGE = YES_ERROR;
				CLANG_WARN_DOCUMENTATION_COMMENTS = YES;
				CLANG_WARN_EMPTY_BODY = YES;
				CLANG_WARN_ENUM_CONVERSION = YES;
				CLANG_WARN_INFINITE_RECURSION = YES;
				CLANG_WARN_INT_CONVERSION = YES;
				CLANG_WARN_NON_LITERAL_NULL_CONVERSION = YES;
				CLANG_WARN_OBJC_LITERAL_CONVERSION = YES;
				CLANG_WARN_OBJC_ROOT_CLASS = YES_ERROR;
				CLANG_WARN_RANGE_LOOP_ANALYSIS = YES;
				CLANG_WARN_STRICT_PROTOTYPES = YES;
				CLANG_WARN_SUSPICIOUS_MOVE = YES;
				CLANG_WARN_UNGUARDED_AVAILABILITY = YES_AGGRESSIVE;
				CLANG_WARN_UNREACHABLE_CODE = YES;
				CLANG_WARN__DUPLICATE_METHOD_MATCH = YES;
				CODE_SIGN_IDENTITY = "iPhone Developer";
				COPY_PHASE_STRIP = NO;
				DEBUG_INFORMATION_FORMAT = "dwarf-with-dsym";
				ENABLE_NS_ASSERTIONS = NO;
				ENABLE_STRICT_OBJC_MSGSEND = YES;
				GCC_C_LANGUAGE_STANDARD = gnu11;
				GCC_NO_COMMON_BLOCKS = YES;
				GCC_WARN_64_TO_32_BIT_CONVERSION = YES;
				GCC_WARN_ABOUT_RETURN_TYPE = YES_ERROR;
				GCC_WARN_UNDECLARED_SELECTOR = YES;
				GCC_WARN_UNINITIALIZED_AUTOS = YES_AGGRESSIVE;
				GCC_WARN_UNUSED_FUNCTION = YES;
				GCC_WARN_UNUSED_VARIABLE = YES;
				IPHONEOS_DEPLOYMENT_TARGET = 11.2;
				MTL_ENABLE_DEBUG_INFO = NO;
				SDKROOT = iphoneos;
				SWIFT_OPTIMIZATION_LEVEL = "-Owholemodule";
				VALIDATE_PRODUCT = YES;
			};
			name = Release;
		};
		044093EA205C625B00F4852F /* Debug */ = {
			isa = XCBuildConfiguration;
			buildSettings = {
				ASSETCATALOG_COMPILER_APPICON_NAME = AppIcon;
				CODE_SIGN_STYLE = Automatic;
				DEVELOPMENT_TEAM = DUKPL73RD7;
				INFOPLIST_FILE = RepoViewer/Info.plist;
				IPHONEOS_DEPLOYMENT_TARGET = 10.3;
				LD_RUNPATH_SEARCH_PATHS = "$(inherited) @executable_path/Frameworks";
				PRODUCT_BUNDLE_IDENTIFIER = MGApps.RepoViewer;
				PRODUCT_NAME = "$(TARGET_NAME)";
				SWIFT_VERSION = 4.0;
				TARGETED_DEVICE_FAMILY = "1,2";
			};
			name = Debug;
		};
		044093EB205C625B00F4852F /* Release */ = {
			isa = XCBuildConfiguration;
			buildSettings = {
				ASSETCATALOG_COMPILER_APPICON_NAME = AppIcon;
				CODE_SIGN_STYLE = Automatic;
				DEVELOPMENT_TEAM = DUKPL73RD7;
				INFOPLIST_FILE = RepoViewer/Info.plist;
				IPHONEOS_DEPLOYMENT_TARGET = 10.3;
				LD_RUNPATH_SEARCH_PATHS = "$(inherited) @executable_path/Frameworks";
				PRODUCT_BUNDLE_IDENTIFIER = MGApps.RepoViewer;
				PRODUCT_NAME = "$(TARGET_NAME)";
				SWIFT_VERSION = 4.0;
				TARGETED_DEVICE_FAMILY = "1,2";
			};
			name = Release;
		};
		044093ED205C625B00F4852F /* Debug */ = {
			isa = XCBuildConfiguration;
			buildSettings = {
				ALWAYS_EMBED_SWIFT_STANDARD_LIBRARIES = YES;
				BUNDLE_LOADER = "$(TEST_HOST)";
				CODE_SIGN_STYLE = Automatic;
				DEVELOPMENT_TEAM = DUKPL73RD7;
				INFOPLIST_FILE = RepoViewerTests/Info.plist;
				LD_RUNPATH_SEARCH_PATHS = "$(inherited) @executable_path/Frameworks @loader_path/Frameworks";
				PRODUCT_BUNDLE_IDENTIFIER = MGApps.RepoViewerTests;
				PRODUCT_NAME = "$(TARGET_NAME)";
				SWIFT_VERSION = 4.0;
				TARGETED_DEVICE_FAMILY = "1,2";
				TEST_HOST = "$(BUILT_PRODUCTS_DIR)/RepoViewer.app/RepoViewer";
			};
			name = Debug;
		};
		044093EE205C625B00F4852F /* Release */ = {
			isa = XCBuildConfiguration;
			buildSettings = {
				ALWAYS_EMBED_SWIFT_STANDARD_LIBRARIES = YES;
				BUNDLE_LOADER = "$(TEST_HOST)";
				CODE_SIGN_STYLE = Automatic;
				DEVELOPMENT_TEAM = DUKPL73RD7;
				INFOPLIST_FILE = RepoViewerTests/Info.plist;
				LD_RUNPATH_SEARCH_PATHS = "$(inherited) @executable_path/Frameworks @loader_path/Frameworks";
				PRODUCT_BUNDLE_IDENTIFIER = MGApps.RepoViewerTests;
				PRODUCT_NAME = "$(TARGET_NAME)";
				SWIFT_VERSION = 4.0;
				TARGETED_DEVICE_FAMILY = "1,2";
				TEST_HOST = "$(BUILT_PRODUCTS_DIR)/RepoViewer.app/RepoViewer";
			};
			name = Release;
		};
/* End XCBuildConfiguration section */

/* Begin XCConfigurationList section */
		044093C7205C625B00F4852F /* Build configuration list for PBXProject "RepoViewer" */ = {
			isa = XCConfigurationList;
			buildConfigurations = (
				044093E7205C625B00F4852F /* Debug */,
				044093E8205C625B00F4852F /* Release */,
			);
			defaultConfigurationIsVisible = 0;
			defaultConfigurationName = Release;
		};
		044093E9205C625B00F4852F /* Build configuration list for PBXNativeTarget "RepoViewer" */ = {
			isa = XCConfigurationList;
			buildConfigurations = (
				044093EA205C625B00F4852F /* Debug */,
				044093EB205C625B00F4852F /* Release */,
			);
			defaultConfigurationIsVisible = 0;
			defaultConfigurationName = Release;
		};
		044093EC205C625B00F4852F /* Build configuration list for PBXNativeTarget "RepoViewerTests" */ = {
			isa = XCConfigurationList;
			buildConfigurations = (
				044093ED205C625B00F4852F /* Debug */,
				044093EE205C625B00F4852F /* Release */,
			);
			defaultConfigurationIsVisible = 0;
			defaultConfigurationName = Release;
		};
/* End XCConfigurationList section */
	};
	rootObject = 044093C4205C625B00F4852F /* Project object */;
}
